// !$*UTF8*$!
{
	archiveVersion = 1;
	classes = {
	};
	objectVersion = 46;
	objects = {

/* Begin PBXBuildFile section */
		93FA18A9182BF462006A56C1 /* UIKit.framework in Frameworks */ = {isa = PBXBuildFile; fileRef = 93FA18A8182BF462006A56C1 /* UIKit.framework */; };
		93FA18AB182BF462006A56C1 /* Foundation.framework in Frameworks */ = {isa = PBXBuildFile; fileRef = 93FA18AA182BF462006A56C1 /* Foundation.framework */; };
		93FA18AD182BF462006A56C1 /* CoreGraphics.framework in Frameworks */ = {isa = PBXBuildFile; fileRef = 93FA18AC182BF462006A56C1 /* CoreGraphics.framework */; };
		93FA18B3182BF462006A56C1 /* InfoPlist.strings in Resources */ = {isa = PBXBuildFile; fileRef = 93FA18B1182BF462006A56C1 /* InfoPlist.strings */; };
		93FA18B5182BF462006A56C1 /* main.m in Sources */ = {isa = PBXBuildFile; fileRef = 93FA18B4182BF462006A56C1 /* main.m */; };
		93FA18B9182BF462006A56C1 /* MADAppDelegate.m in Sources */ = {isa = PBXBuildFile; fileRef = 93FA18B8182BF462006A56C1 /* MADAppDelegate.m */; };
		93FA18BB182BF462006A56C1 /* Default.png in Resources */ = {isa = PBXBuildFile; fileRef = 93FA18BA182BF462006A56C1 /* Default.png */; };
		93FA18BD182BF462006A56C1 /* Default@2x.png in Resources */ = {isa = PBXBuildFile; fileRef = 93FA18BC182BF462006A56C1 /* Default@2x.png */; };
		93FA18BF182BF462006A56C1 /* Default-568h@2x.png in Resources */ = {isa = PBXBuildFile; fileRef = 93FA18BE182BF462006A56C1 /* Default-568h@2x.png */; };
		93FA18C2182BF462006A56C1 /* MainStoryboard.storyboard in Resources */ = {isa = PBXBuildFile; fileRef = 93FA18C0182BF462006A56C1 /* MainStoryboard.storyboard */; };
		93FA18C5182BF462006A56C1 /* MADViewController.m in Sources */ = {isa = PBXBuildFile; fileRef = 93FA18C4182BF462006A56C1 /* MADViewController.m */; };
		93FA18CD182C0362006A56C1 /* rhymeViewController.m in Sources */ = {isa = PBXBuildFile; fileRef = 93FA18CC182C0362006A56C1 /* rhymeViewController.m */; };
		93FA18D0182C08CA006A56C1 /* PoemViewController.m in Sources */ = {isa = PBXBuildFile; fileRef = 93FA18CF182C08CA006A56C1 /* PoemViewController.m */; };
		AC5F93611831D7A100E0C424 /* as5652.png in Resources */ = {isa = PBXBuildFile; fileRef = AC5F93601831D7A100E0C424 /* as5652.png */; };
		AC5F93631831D7B500E0C424 /* as5652.png in Resources */ = {isa = PBXBuildFile; fileRef = AC5F93621831D7B500E0C424 /* as5652.png */; };
		AC6ADDE6182ED3FF00AE5645 /* rhymes.xml in Resources */ = {isa = PBXBuildFile; fileRef = AC6ADDE5182ED3FF00AE5645 /* rhymes.xml */; };
/* End PBXBuildFile section */

/* Begin PBXFileReference section */
		93FA18A5182BF462006A56C1 /* PoemHelper.app */ = {isa = PBXFileReference; explicitFileType = wrapper.application; includeInIndex = 0; path = PoemHelper.app; sourceTree = BUILT_PRODUCTS_DIR; };
		93FA18A8182BF462006A56C1 /* UIKit.framework */ = {isa = PBXFileReference; lastKnownFileType = wrapper.framework; name = UIKit.framework; path = System/Library/Frameworks/UIKit.framework; sourceTree = SDKROOT; };
		93FA18AA182BF462006A56C1 /* Foundation.framework */ = {isa = PBXFileReference; lastKnownFileType = wrapper.framework; name = Foundation.framework; path = System/Library/Frameworks/Foundation.framework; sourceTree = SDKROOT; };
		93FA18AC182BF462006A56C1 /* CoreGraphics.framework */ = {isa = PBXFileReference; lastKnownFileType = wrapper.framework; name = CoreGraphics.framework; path = System/Library/Frameworks/CoreGraphics.framework; sourceTree = SDKROOT; };
		93FA18B0182BF462006A56C1 /* PoemHelper-Info.plist */ = {isa = PBXFileReference; lastKnownFileType = text.plist.xml; path = "PoemHelper-Info.plist"; sourceTree = "<group>"; };
		93FA18B2182BF462006A56C1 /* en */ = {isa = PBXFileReference; lastKnownFileType = text.plist.strings; name = en; path = en.lproj/InfoPlist.strings; sourceTree = "<group>"; };
		93FA18B4182BF462006A56C1 /* main.m */ = {isa = PBXFileReference; lastKnownFileType = sourcecode.c.objc; path = main.m; sourceTree = "<group>"; };
		93FA18B6182BF462006A56C1 /* PoemHelper-Prefix.pch */ = {isa = PBXFileReference; lastKnownFileType = sourcecode.c.h; path = "PoemHelper-Prefix.pch"; sourceTree = "<group>"; };
		93FA18B7182BF462006A56C1 /* MADAppDelegate.h */ = {isa = PBXFileReference; lastKnownFileType = sourcecode.c.h; path = MADAppDelegate.h; sourceTree = "<group>"; };
		93FA18B8182BF462006A56C1 /* MADAppDelegate.m */ = {isa = PBXFileReference; lastKnownFileType = sourcecode.c.objc; path = MADAppDelegate.m; sourceTree = "<group>"; };
		93FA18BA182BF462006A56C1 /* Default.png */ = {isa = PBXFileReference; lastKnownFileType = image.png; path = Default.png; sourceTree = "<group>"; };
		93FA18BC182BF462006A56C1 /* Default@2x.png */ = {isa = PBXFileReference; lastKnownFileType = image.png; path = "Default@2x.png"; sourceTree = "<group>"; };
		93FA18BE182BF462006A56C1 /* Default-568h@2x.png */ = {isa = PBXFileReference; lastKnownFileType = image.png; path = "Default-568h@2x.png"; sourceTree = "<group>"; };
		93FA18C1182BF462006A56C1 /* en */ = {isa = PBXFileReference; lastKnownFileType = file.storyboard; name = en; path = en.lproj/MainStoryboard.storyboard; sourceTree = "<group>"; };
		93FA18C3182BF462006A56C1 /* MADViewController.h */ = {isa = PBXFileReference; lastKnownFileType = sourcecode.c.h; path = MADViewController.h; sourceTree = "<group>"; };
		93FA18C4182BF462006A56C1 /* MADViewController.m */ = {isa = PBXFileReference; lastKnownFileType = sourcecode.c.objc; path = MADViewController.m; sourceTree = "<group>"; };
		93FA18CB182C0362006A56C1 /* rhymeViewController.h */ = {isa = PBXFileReference; fileEncoding = 4; lastKnownFileType = sourcecode.c.h; path = rhymeViewController.h; sourceTree = "<group>"; };
		93FA18CC182C0362006A56C1 /* rhymeViewController.m */ = {isa = PBXFileReference; fileEncoding = 4; lastKnownFileType = sourcecode.c.objc; path = rhymeViewController.m; sourceTree = "<group>"; };
		93FA18CE182C08CA006A56C1 /* PoemViewController.h */ = {isa = PBXFileReference; fileEncoding = 4; lastKnownFileType = sourcecode.c.h; path = PoemViewController.h; sourceTree = "<group>"; };
		93FA18CF182C08CA006A56C1 /* PoemViewController.m */ = {isa = PBXFileReference; fileEncoding = 4; lastKnownFileType = sourcecode.c.objc; path = PoemViewController.m; sourceTree = "<group>"; };
		AC5F93601831D7A100E0C424 /* as5652.png */ = {isa = PBXFileReference; lastKnownFileType = image.png; path = as5652.png; sourceTree = "<group>"; };
		AC5F93621831D7B500E0C424 /* as5652.png */ = {isa = PBXFileReference; lastKnownFileType = image.png; path = as5652.png; sourceTree = "<group>"; };
		AC6ADDE5182ED3FF00AE5645 /* rhymes.xml */ = {isa = PBXFileReference; fileEncoding = 4; lastKnownFileType = text.xml; path = rhymes.xml; sourceTree = "<group>"; };
/* End PBXFileReference section */

/* Begin PBXFrameworksBuildPhase section */
		93FA18A2182BF462006A56C1 /* Frameworks */ = {
			isa = PBXFrameworksBuildPhase;
			buildActionMask = 2147483647;
			files = (
				93FA18A9182BF462006A56C1 /* UIKit.framework in Frameworks */,
				93FA18AB182BF462006A56C1 /* Foundation.framework in Frameworks */,
				93FA18AD182BF462006A56C1 /* CoreGraphics.framework in Frameworks */,
			);
			runOnlyForDeploymentPostprocessing = 0;
		};
/* End PBXFrameworksBuildPhase section */

/* Begin PBXGroup section */
		93FA189C182BF462006A56C1 = {
			isa = PBXGroup;
			children = (
				AC5F93621831D7B500E0C424 /* as5652.png */,
				93FA18AE182BF462006A56C1 /* PoemHelper */,
				93FA18A7182BF462006A56C1 /* Frameworks */,
				93FA18A6182BF462006A56C1 /* Products */,
			);
			sourceTree = "<group>";
		};
		93FA18A6182BF462006A56C1 /* Products */ = {
			isa = PBXGroup;
			children = (
				93FA18A5182BF462006A56C1 /* PoemHelper.app */,
			);
			name = Products;
			sourceTree = "<group>";
		};
		93FA18A7182BF462006A56C1 /* Frameworks */ = {
			isa = PBXGroup;
			children = (
				93FA18A8182BF462006A56C1 /* UIKit.framework */,
				93FA18AA182BF462006A56C1 /* Foundation.framework */,
				93FA18AC182BF462006A56C1 /* CoreGraphics.framework */,
			);
			name = Frameworks;
			sourceTree = "<group>";
		};
		93FA18AE182BF462006A56C1 /* PoemHelper */ = {
			isa = PBXGroup;
			children = (
				93FA18B7182BF462006A56C1 /* MADAppDelegate.h */,
				93FA18B8182BF462006A56C1 /* MADAppDelegate.m */,
				93FA18C0182BF462006A56C1 /* MainStoryboard.storyboard */,
				AC6ADDE5182ED3FF00AE5645 /* rhymes.xml */,
				AC5F93601831D7A100E0C424 /* as5652.png */,
				93FA18CE182C08CA006A56C1 /* PoemViewController.h */,
				93FA18CF182C08CA006A56C1 /* PoemViewController.m */,
				93FA18CB182C0362006A56C1 /* rhymeViewController.h */,
				93FA18CC182C0362006A56C1 /* rhymeViewController.m */,
				93FA18C3182BF462006A56C1 /* MADViewController.h */,
				93FA18C4182BF462006A56C1 /* MADViewController.m */,
				93FA18AF182BF462006A56C1 /* Supporting Files */,
			);
			path = PoemHelper;
			sourceTree = "<group>";
		};
		93FA18AF182BF462006A56C1 /* Supporting Files */ = {
			isa = PBXGroup;
			children = (
				93FA18B0182BF462006A56C1 /* PoemHelper-Info.plist */,
				93FA18B1182BF462006A56C1 /* InfoPlist.strings */,
				93FA18B4182BF462006A56C1 /* main.m */,
				93FA18B6182BF462006A56C1 /* PoemHelper-Prefix.pch */,
				93FA18BA182BF462006A56C1 /* Default.png */,
				93FA18BC182BF462006A56C1 /* Default@2x.png */,
				93FA18BE182BF462006A56C1 /* Default-568h@2x.png */,
			);
			name = "Supporting Files";
			sourceTree = "<group>";
		};
/* End PBXGroup section */

/* Begin PBXNativeTarget section */
		93FA18A4182BF462006A56C1 /* PoemHelper */ = {
			isa = PBXNativeTarget;
			buildConfigurationList = 93FA18C8182BF462006A56C1 /* Build configuration list for PBXNativeTarget "PoemHelper" */;
			buildPhases = (
				93FA18A1182BF462006A56C1 /* Sources */,
				93FA18A2182BF462006A56C1 /* Frameworks */,
				93FA18A3182BF462006A56C1 /* Resources */,
			);
			buildRules = (
			);
			dependencies = (
			);
			name = PoemHelper;
			productName = PoemHelper;
			productReference = 93FA18A5182BF462006A56C1 /* PoemHelper.app */;
			productType = "com.apple.product-type.application";
		};
/* End PBXNativeTarget section */

/* Begin PBXProject section */
		93FA189D182BF462006A56C1 /* Project object */ = {
			isa = PBXProject;
			attributes = {
				CLASSPREFIX = MAD;
				LastUpgradeCheck = 0460;
				ORGANIZATIONNAME = "Luis Alfredo Hierro";
			};
			buildConfigurationList = 93FA18A0182BF462006A56C1 /* Build configuration list for PBXProject "PoemHelper" */;
			compatibilityVersion = "Xcode 3.2";
			developmentRegion = English;
			hasScannedForEncodings = 0;
			knownRegions = (
				en,
			);
			mainGroup = 93FA189C182BF462006A56C1;
			productRefGroup = 93FA18A6182BF462006A56C1 /* Products */;
			projectDirPath = "";
			projectRoot = "";
			targets = (
				93FA18A4182BF462006A56C1 /* PoemHelper */,
			);
		};
/* End PBXProject section */

/* Begin PBXResourcesBuildPhase section */
		93FA18A3182BF462006A56C1 /* Resources */ = {
			isa = PBXResourcesBuildPhase;
			buildActionMask = 2147483647;
			files = (
				93FA18B3182BF462006A56C1 /* InfoPlist.strings in Resources */,
				93FA18BB182BF462006A56C1 /* Default.png in Resources */,
				93FA18BD182BF462006A56C1 /* Default@2x.png in Resources */,
				93FA18BF182BF462006A56C1 /* Default-568h@2x.png in Resources */,
				93FA18C2182BF462006A56C1 /* MainStoryboard.storyboard in Resources */,
				AC6ADDE6182ED3FF00AE5645 /* rhymes.xml in Resources */,
				AC5F93611831D7A100E0C424 /* as5652.png in Resources */,
				AC5F93631831D7B500E0C424 /* as5652.png in Resources */,
			);
			runOnlyForDeploymentPostprocessing = 0;
		};
/* End PBXResourcesBuildPhase section */

/* Begin PBXSourcesBuildPhase section */
		93FA18A1182BF462006A56C1 /* Sources */ = {
			isa = PBXSourcesBuildPhase;
			buildActionMask = 2147483647;
			files = (
				93FA18B5182BF462006A56C1 /* main.m in Sources */,
				93FA18B9182BF462006A56C1 /* MADAppDelegate.m in Sources */,
				93FA18C5182BF462006A56C1 /* MADViewController.m in Sources */,
				93FA18CD182C0362006A56C1 /* rhymeViewController.m in Sources */,
				93FA18D0182C08CA006A56C1 /* PoemViewController.m in Sources */,
			);
			runOnlyForDeploymentPostprocessing = 0;
		};
/* End PBXSourcesBuildPhase section */

/* Begin PBXVariantGroup section */
		93FA18B1182BF462006A56C1 /* InfoPlist.strings */ = {
			isa = PBXVariantGroup;
			children = (
				93FA18B2182BF462006A56C1 /* en */,
			);
			name = InfoPlist.strings;
			sourceTree = "<group>";
		};
		93FA18C0182BF462006A56C1 /* MainStoryboard.storyboard */ = {
			isa = PBXVariantGroup;
			children = (
				93FA18C1182BF462006A56C1 /* en */,
			);
			name = MainStoryboard.storyboard;
			sourceTree = "<group>";
		};
/* End PBXVariantGroup section */

/* Begin XCBuildConfiguration section */
		93FA18C6182BF462006A56C1 /* Debug */ = {
			isa = XCBuildConfiguration;
			buildSettings = {
				ALWAYS_SEARCH_USER_PATHS = NO;
				CLANG_CXX_LANGUAGE_STANDARD = "gnu++0x";
				CLANG_CXX_LIBRARY = "libc++";
				CLANG_ENABLE_OBJC_ARC = YES;
				CLANG_WARN_CONSTANT_CONVERSION = YES;
				CLANG_WARN_EMPTY_BODY = YES;
				CLANG_WARN_ENUM_CONVERSION = YES;
				CLANG_WARN_INT_CONVERSION = YES;
				CLANG_WARN__DUPLICATE_METHOD_MATCH = YES;
				"CODE_SIGN_IDENTITY[sdk=iphoneos*]" = "iPhone Developer";
				COPY_PHASE_STRIP = NO;
				GCC_C_LANGUAGE_STANDARD = gnu99;
				GCC_DYNAMIC_NO_PIC = NO;
				GCC_OPTIMIZATION_LEVEL = 0;
				GCC_PREPROCESSOR_DEFINITIONS = (
					"DEBUG=1",
					"$(inherited)",
				);
				GCC_SYMBOLS_PRIVATE_EXTERN = NO;
				GCC_WARN_ABOUT_RETURN_TYPE = YES;
				GCC_WARN_UNINITIALIZED_AUTOS = YES;
				GCC_WARN_UNUSED_VARIABLE = YES;
				IPHONEOS_DEPLOYMENT_TARGET = 6.1;
				ONLY_ACTIVE_ARCH = YES;
				SDKROOT = iphoneos;
			};
			name = Debug;
		};
		93FA18C7182BF462006A56C1 /* Release */ = {
			isa = XCBuildConfiguration;
			buildSettings = {
				ALWAYS_SEARCH_USER_PATHS = NO;
				CLANG_CXX_LANGUAGE_STANDARD = "gnu++0x";
				CLANG_CXX_LIBRARY = "libc++";
				CLANG_ENABLE_OBJC_ARC = YES;
				CLANG_WARN_CONSTANT_CONVERSION = YES;
				CLANG_WARN_EMPTY_BODY = YES;
				CLANG_WARN_ENUM_CONVERSION = YES;
				CLANG_WARN_INT_CONVERSION = YES;
				CLANG_WARN__DUPLICATE_METHOD_MATCH = YES;
				"CODE_SIGN_IDENTITY[sdk=iphoneos*]" = "iPhone Developer";
				COPY_PHASE_STRIP = YES;
				GCC_C_LANGUAGE_STANDARD = gnu99;
				GCC_WARN_ABOUT_RETURN_TYPE = YES;
				GCC_WARN_UNINITIALIZED_AUTOS = YES;
				GCC_WARN_UNUSED_VARIABLE = YES;
				IPHONEOS_DEPLOYMENT_TARGET = 6.1;
				OTHER_CFLAGS = "-DNS_BLOCK_ASSERTIONS=1";
				SDKROOT = iphoneos;
				VALIDATE_PRODUCT = YES;
			};
			name = Release;
		};
		93FA18C9182BF462006A56C1 /* Debug */ = {
			isa = XCBuildConfiguration;
			buildSettings = {
				GCC_PRECOMPILE_PREFIX_HEADER = YES;
				GCC_PREFIX_HEADER = "PoemHelper/PoemHelper-Prefix.pch";
				INFOPLIST_FILE = "PoemHelper/PoemHelper-Info.plist";
				PRODUCT_NAME = "$(TARGET_NAME)";
				WRAPPER_EXTENSION = app;
			};
			name = Debug;
		};
		93FA18CA182BF462006A56C1 /* Release */ = {
			isa = XCBuildConfiguration;
			buildSettings = {
				GCC_PRECOMPILE_PREFIX_HEADER = YES;
				GCC_PREFIX_HEADER = "PoemHelper/PoemHelper-Prefix.pch";
				INFOPLIST_FILE = "PoemHelper/PoemHelper-Info.plist";
				PRODUCT_NAME = "$(TARGET_NAME)";
				WRAPPER_EXTENSION = app;
			};
			name = Release;
		};
/* End XCBuildConfiguration section */

/* Begin XCConfigurationList section */
		93FA18A0182BF462006A56C1 /* Build configuration list for PBXProject "PoemHelper" */ = {
			isa = XCConfigurationList;
			buildConfigurations = (
				93FA18C6182BF462006A56C1 /* Debug */,
				93FA18C7182BF462006A56C1 /* Release */,
			);
			defaultConfigurationIsVisible = 0;
			defaultConfigurationName = Release;
		};
		93FA18C8182BF462006A56C1 /* Build configuration list for PBXNativeTarget "PoemHelper" */ = {
			isa = XCConfigurationList;
			buildConfigurations = (
				93FA18C9182BF462006A56C1 /* Debug */,
				93FA18CA182BF462006A56C1 /* Release */,
			);
			defaultConfigurationIsVisible = 0;
			defaultConfigurationName = Release;
		};
/* End XCConfigurationList section */
	};
	rootObject = 93FA189D182BF462006A56C1 /* Project object */;
}
