// !$*UTF8*$!
{
	archiveVersion = 1;
	classes = {
	};
	objectVersion = 46;
	objects = {

/* Begin PBXBuildFile section */
		ACE33AF3185941930013F440 /* music.png in Resources */ = {isa = PBXBuildFile; fileRef = ACE33AF2185941930013F440 /* music.png */; };
		FECC6D56180CCB05009D1223 /* UIKit.framework in Frameworks */ = {isa = PBXBuildFile; fileRef = FECC6D55180CCB05009D1223 /* UIKit.framework */; };
		FECC6D58180CCB05009D1223 /* Foundation.framework in Frameworks */ = {isa = PBXBuildFile; fileRef = FECC6D57180CCB05009D1223 /* Foundation.framework */; };
		FECC6D5A180CCB05009D1223 /* CoreGraphics.framework in Frameworks */ = {isa = PBXBuildFile; fileRef = FECC6D59180CCB05009D1223 /* CoreGraphics.framework */; };
		FECC6D60180CCB05009D1223 /* InfoPlist.strings in Resources */ = {isa = PBXBuildFile; fileRef = FECC6D5E180CCB05009D1223 /* InfoPlist.strings */; };
		FECC6D62180CCB05009D1223 /* main.m in Sources */ = {isa = PBXBuildFile; fileRef = FECC6D61180CCB05009D1223 /* main.m */; };
		FECC6D66180CCB05009D1223 /* MADAppDelegate.m in Sources */ = {isa = PBXBuildFile; fileRef = FECC6D65180CCB05009D1223 /* MADAppDelegate.m */; };
		FECC6D68180CCB05009D1223 /* Default.png in Resources */ = {isa = PBXBuildFile; fileRef = FECC6D67180CCB05009D1223 /* Default.png */; };
		FECC6D6A180CCB05009D1223 /* Default@2x.png in Resources */ = {isa = PBXBuildFile; fileRef = FECC6D69180CCB05009D1223 /* Default@2x.png */; };
		FECC6D6C180CCB05009D1223 /* Default-568h@2x.png in Resources */ = {isa = PBXBuildFile; fileRef = FECC6D6B180CCB05009D1223 /* Default-568h@2x.png */; };
		FECC6D6F180CCB05009D1223 /* MADViewController.m in Sources */ = {isa = PBXBuildFile; fileRef = FECC6D6E180CCB05009D1223 /* MADViewController.m */; };
		FECC6D72180CCB05009D1223 /* MADViewController.xib in Resources */ = {isa = PBXBuildFile; fileRef = FECC6D70180CCB05009D1223 /* MADViewController.xib */; };
		FECC6D79180CDC1D009D1223 /* artistalbums.plist in Resources */ = {isa = PBXBuildFile; fileRef = FECC6D78180CDC1D009D1223 /* artistalbums.plist */; };
		FECC6D7D180CF465009D1223 /* music.png in Resources */ = {isa = PBXBuildFile; fileRef = FECC6D7C180CF465009D1223 /* music.png */; };
/* End PBXBuildFile section */

/* Begin PBXFileReference section */
		ACE33AF2185941930013F440 /* music.png */ = {isa = PBXFileReference; lastKnownFileType = image.png; path = music.png; sourceTree = "<group>"; };
		FECC6D52180CCB05009D1223 /* Music Dependent.app */ = {isa = PBXFileReference; explicitFileType = wrapper.application; includeInIndex = 0; path = "Music Dependent.app"; sourceTree = BUILT_PRODUCTS_DIR; };
		FECC6D55180CCB05009D1223 /* UIKit.framework */ = {isa = PBXFileReference; lastKnownFileType = wrapper.framework; name = UIKit.framework; path = System/Library/Frameworks/UIKit.framework; sourceTree = SDKROOT; };
		FECC6D57180CCB05009D1223 /* Foundation.framework */ = {isa = PBXFileReference; lastKnownFileType = wrapper.framework; name = Foundation.framework; path = System/Library/Frameworks/Foundation.framework; sourceTree = SDKROOT; };
		FECC6D59180CCB05009D1223 /* CoreGraphics.framework */ = {isa = PBXFileReference; lastKnownFileType = wrapper.framework; name = CoreGraphics.framework; path = System/Library/Frameworks/CoreGraphics.framework; sourceTree = SDKROOT; };
		FECC6D5D180CCB05009D1223 /* Music Dependent-Info.plist */ = {isa = PBXFileReference; lastKnownFileType = text.plist.xml; path = "Music Dependent-Info.plist"; sourceTree = "<group>"; };
		FECC6D5F180CCB05009D1223 /* en */ = {isa = PBXFileReference; lastKnownFileType = text.plist.strings; name = en; path = en.lproj/InfoPlist.strings; sourceTree = "<group>"; };
		FECC6D61180CCB05009D1223 /* main.m */ = {isa = PBXFileReference; lastKnownFileType = sourcecode.c.objc; path = main.m; sourceTree = "<group>"; };
		FECC6D63180CCB05009D1223 /* Music Dependent-Prefix.pch */ = {isa = PBXFileReference; lastKnownFileType = sourcecode.c.h; path = "Music Dependent-Prefix.pch"; sourceTree = "<group>"; };
		FECC6D64180CCB05009D1223 /* MADAppDelegate.h */ = {isa = PBXFileReference; lastKnownFileType = sourcecode.c.h; path = MADAppDelegate.h; sourceTree = "<group>"; };
		FECC6D65180CCB05009D1223 /* MADAppDelegate.m */ = {isa = PBXFileReference; lastKnownFileType = sourcecode.c.objc; path = MADAppDelegate.m; sourceTree = "<group>"; };
		FECC6D67180CCB05009D1223 /* Default.png */ = {isa = PBXFileReference; lastKnownFileType = image.png; path = Default.png; sourceTree = "<group>"; };
		FECC6D69180CCB05009D1223 /* Default@2x.png */ = {isa = PBXFileReference; lastKnownFileType = image.png; path = "Default@2x.png"; sourceTree = "<group>"; };
		FECC6D6B180CCB05009D1223 /* Default-568h@2x.png */ = {isa = PBXFileReference; lastKnownFileType = image.png; path = "Default-568h@2x.png"; sourceTree = "<group>"; };
		FECC6D6D180CCB05009D1223 /* MADViewController.h */ = {isa = PBXFileReference; lastKnownFileType = sourcecode.c.h; path = MADViewController.h; sourceTree = "<group>"; };
		FECC6D6E180CCB05009D1223 /* MADViewController.m */ = {isa = PBXFileReference; lastKnownFileType = sourcecode.c.objc; path = MADViewController.m; sourceTree = "<group>"; };
		FECC6D71180CCB05009D1223 /* en */ = {isa = PBXFileReference; lastKnownFileType = file.xib; name = en; path = en.lproj/MADViewController.xib; sourceTree = "<group>"; };
		FECC6D78180CDC1D009D1223 /* artistalbums.plist */ = {isa = PBXFileReference; fileEncoding = 4; lastKnownFileType = text.plist.xml; path = artistalbums.plist; sourceTree = SOURCE_ROOT; };
		FECC6D7C180CF465009D1223 /* music.png */ = {isa = PBXFileReference; lastKnownFileType = image.png; path = music.png; sourceTree = "<group>"; };
/* End PBXFileReference section */

/* Begin PBXFrameworksBuildPhase section */
		FECC6D4F180CCB05009D1223 /* Frameworks */ = {
			isa = PBXFrameworksBuildPhase;
			buildActionMask = 2147483647;
			files = (
				FECC6D56180CCB05009D1223 /* UIKit.framework in Frameworks */,
				FECC6D58180CCB05009D1223 /* Foundation.framework in Frameworks */,
				FECC6D5A180CCB05009D1223 /* CoreGraphics.framework in Frameworks */,
			);
			runOnlyForDeploymentPostprocessing = 0;
		};
/* End PBXFrameworksBuildPhase section */

/* Begin PBXGroup section */
		FECC6D49180CCB05009D1223 = {
			isa = PBXGroup;
			children = (
				FECC6D7C180CF465009D1223 /* music.png */,
				FECC6D5B180CCB05009D1223 /* Music Dependent */,
				FECC6D54180CCB05009D1223 /* Frameworks */,
				FECC6D53180CCB05009D1223 /* Products */,
			);
			sourceTree = "<group>";
		};
		FECC6D53180CCB05009D1223 /* Products */ = {
			isa = PBXGroup;
			children = (
				FECC6D52180CCB05009D1223 /* Music Dependent.app */,
			);
			name = Products;
			sourceTree = "<group>";
		};
		FECC6D54180CCB05009D1223 /* Frameworks */ = {
			isa = PBXGroup;
			children = (
				FECC6D55180CCB05009D1223 /* UIKit.framework */,
				FECC6D57180CCB05009D1223 /* Foundation.framework */,
				FECC6D59180CCB05009D1223 /* CoreGraphics.framework */,
			);
			name = Frameworks;
			sourceTree = "<group>";
		};
		FECC6D5B180CCB05009D1223 /* Music Dependent */ = {
			isa = PBXGroup;
			children = (
				FECC6D64180CCB05009D1223 /* MADAppDelegate.h */,
				FECC6D65180CCB05009D1223 /* MADAppDelegate.m */,
				FECC6D6D180CCB05009D1223 /* MADViewController.h */,
				FECC6D6E180CCB05009D1223 /* MADViewController.m */,
				FECC6D70180CCB05009D1223 /* MADViewController.xib */,
				FECC6D5C180CCB05009D1223 /* Supporting Files */,
			);
			path = "Music Dependent";
			sourceTree = "<group>";
		};
		FECC6D5C180CCB05009D1223 /* Supporting Files */ = {
			isa = PBXGroup;
			children = (
				FECC6D5D180CCB05009D1223 /* Music Dependent-Info.plist */,
				FECC6D78180CDC1D009D1223 /* artistalbums.plist */,
				ACE33AF2185941930013F440 /* music.png */,
				FECC6D5E180CCB05009D1223 /* InfoPlist.strings */,
				FECC6D61180CCB05009D1223 /* main.m */,
				FECC6D63180CCB05009D1223 /* Music Dependent-Prefix.pch */,
				FECC6D67180CCB05009D1223 /* Default.png */,
				FECC6D69180CCB05009D1223 /* Default@2x.png */,
				FECC6D6B180CCB05009D1223 /* Default-568h@2x.png */,
			);
			name = "Supporting Files";
			sourceTree = "<group>";
		};
/* End PBXGroup section */

/* Begin PBXNativeTarget section */
		FECC6D51180CCB05009D1223 /* Music Dependent */ = {
			isa = PBXNativeTarget;
			buildConfigurationList = FECC6D75180CCB05009D1223 /* Build configuration list for PBXNativeTarget "Music Dependent" */;
			buildPhases = (
				FECC6D4E180CCB05009D1223 /* Sources */,
				FECC6D4F180CCB05009D1223 /* Frameworks */,
				FECC6D50180CCB05009D1223 /* Resources */,
			);
			buildRules = (
			);
			dependencies = (
			);
			name = "Music Dependent";
			productName = "Music Dependent";
			productReference = FECC6D52180CCB05009D1223 /* Music Dependent.app */;
			productType = "com.apple.product-type.application";
		};
/* End PBXNativeTarget section */

/* Begin PBXProject section */
		FECC6D4A180CCB05009D1223 /* Project object */ = {
			isa = PBXProject;
			attributes = {
				CLASSPREFIX = MAD;
				LastUpgradeCheck = 0460;
				ORGANIZATIONNAME = "Luis Inc";
			};
			buildConfigurationList = FECC6D4D180CCB05009D1223 /* Build configuration list for PBXProject "Music Dependent" */;
			compatibilityVersion = "Xcode 3.2";
			developmentRegion = English;
			hasScannedForEncodings = 0;
			knownRegions = (
				en,
			);
			mainGroup = FECC6D49180CCB05009D1223;
			productRefGroup = FECC6D53180CCB05009D1223 /* Products */;
			projectDirPath = "";
			projectRoot = "";
			targets = (
				FECC6D51180CCB05009D1223 /* Music Dependent */,
			);
		};
/* End PBXProject section */

/* Begin PBXResourcesBuildPhase section */
		FECC6D50180CCB05009D1223 /* Resources */ = {
			isa = PBXResourcesBuildPhase;
			buildActionMask = 2147483647;
			files = (
				FECC6D60180CCB05009D1223 /* InfoPlist.strings in Resources */,
				FECC6D68180CCB05009D1223 /* Default.png in Resources */,
				FECC6D6A180CCB05009D1223 /* Default@2x.png in Resources */,
				FECC6D6C180CCB05009D1223 /* Default-568h@2x.png in Resources */,
				FECC6D72180CCB05009D1223 /* MADViewController.xib in Resources */,
				FECC6D79180CDC1D009D1223 /* artistalbums.plist in Resources */,
				FECC6D7D180CF465009D1223 /* music.png in Resources */,
				ACE33AF3185941930013F440 /* music.png in Resources */,
			);
			runOnlyForDeploymentPostprocessing = 0;
		};
/* End PBXResourcesBuildPhase section */

/* Begin PBXSourcesBuildPhase section */
		FECC6D4E180CCB05009D1223 /* Sources */ = {
			isa = PBXSourcesBuildPhase;
			buildActionMask = 2147483647;
			files = (
				FECC6D62180CCB05009D1223 /* main.m in Sources */,
				FECC6D66180CCB05009D1223 /* MADAppDelegate.m in Sources */,
				FECC6D6F180CCB05009D1223 /* MADViewController.m in Sources */,
			);
			runOnlyForDeploymentPostprocessing = 0;
		};
/* End PBXSourcesBuildPhase section */

/* Begin PBXVariantGroup section */
		FECC6D5E180CCB05009D1223 /* InfoPlist.strings */ = {
			isa = PBXVariantGroup;
			children = (
				FECC6D5F180CCB05009D1223 /* en */,
			);
			name = InfoPlist.strings;
			sourceTree = "<group>";
		};
		FECC6D70180CCB05009D1223 /* MADViewController.xib */ = {
			isa = PBXVariantGroup;
			children = (
				FECC6D71180CCB05009D1223 /* en */,
			);
			name = MADViewController.xib;
			sourceTree = "<group>";
		};
/* End PBXVariantGroup section */

/* Begin XCBuildConfiguration section */
		FECC6D73180CCB05009D1223 /* Debug */ = {
			isa = XCBuildConfiguration;
			buildSettings = {
				ALWAYS_SEARCH_USER_PATHS = NO;
				CLANG_CXX_LANGUAGE_STANDARD = "gnu++0x";
				CLANG_CXX_LIBRARY = "libc++";
				CLANG_ENABLE_OBJC_ARC = YES;
				CLANG_WARN_CONSTANT_CONVERSION = YES;
				CLANG_WARN_EMPTY_BODY = YES;
				CLANG_WARN_ENUM_CONVERSION = YES;
				CLANG_WARN_INT_CONVERSION = YES;
				CLANG_WARN__DUPLICATE_METHOD_MATCH = YES;
				"CODE_SIGN_IDENTITY[sdk=iphoneos*]" = "iPhone Developer";
				COPY_PHASE_STRIP = NO;
				GCC_C_LANGUAGE_STANDARD = gnu99;
				GCC_DYNAMIC_NO_PIC = NO;
				GCC_OPTIMIZATION_LEVEL = 0;
				GCC_PREPROCESSOR_DEFINITIONS = (
					"DEBUG=1",
					"$(inherited)",
				);
				GCC_SYMBOLS_PRIVATE_EXTERN = NO;
				GCC_WARN_ABOUT_RETURN_TYPE = YES;
				GCC_WARN_UNINITIALIZED_AUTOS = YES;
				GCC_WARN_UNUSED_VARIABLE = YES;
				IPHONEOS_DEPLOYMENT_TARGET = 6.1;
				ONLY_ACTIVE_ARCH = YES;
				SDKROOT = iphoneos;
			};
			name = Debug;
		};
		FECC6D74180CCB05009D1223 /* Release */ = {
			isa = XCBuildConfiguration;
			buildSettings = {
				ALWAYS_SEARCH_USER_PATHS = NO;
				CLANG_CXX_LANGUAGE_STANDARD = "gnu++0x";
				CLANG_CXX_LIBRARY = "libc++";
				CLANG_ENABLE_OBJC_ARC = YES;
				CLANG_WARN_CONSTANT_CONVERSION = YES;
				CLANG_WARN_EMPTY_BODY = YES;
				CLANG_WARN_ENUM_CONVERSION = YES;
				CLANG_WARN_INT_CONVERSION = YES;
				CLANG_WARN__DUPLICATE_METHOD_MATCH = YES;
				"CODE_SIGN_IDENTITY[sdk=iphoneos*]" = "iPhone Developer";
				COPY_PHASE_STRIP = YES;
				GCC_C_LANGUAGE_STANDARD = gnu99;
				GCC_WARN_ABOUT_RETURN_TYPE = YES;
				GCC_WARN_UNINITIALIZED_AUTOS = YES;
				GCC_WARN_UNUSED_VARIABLE = YES;
				IPHONEOS_DEPLOYMENT_TARGET = 6.1;
				OTHER_CFLAGS = "-DNS_BLOCK_ASSERTIONS=1";
				SDKROOT = iphoneos;
				VALIDATE_PRODUCT = YES;
			};
			name = Release;
		};
		FECC6D76180CCB05009D1223 /* Debug */ = {
			isa = XCBuildConfiguration;
			buildSettings = {
				GCC_PRECOMPILE_PREFIX_HEADER = YES;
				GCC_PREFIX_HEADER = "Music Dependent/Music Dependent-Prefix.pch";
				INFOPLIST_FILE = "Music Dependent/Music Dependent-Info.plist";
				PRODUCT_NAME = "$(TARGET_NAME)";
				WRAPPER_EXTENSION = app;
			};
			name = Debug;
		};
		FECC6D77180CCB05009D1223 /* Release */ = {
			isa = XCBuildConfiguration;
			buildSettings = {
				GCC_PRECOMPILE_PREFIX_HEADER = YES;
				GCC_PREFIX_HEADER = "Music Dependent/Music Dependent-Prefix.pch";
				INFOPLIST_FILE = "Music Dependent/Music Dependent-Info.plist";
				PRODUCT_NAME = "$(TARGET_NAME)";
				WRAPPER_EXTENSION = app;
			};
			name = Release;
		};
/* End XCBuildConfiguration section */

/* Begin XCConfigurationList section */
		FECC6D4D180CCB05009D1223 /* Build configuration list for PBXProject "Music Dependent" */ = {
			isa = XCConfigurationList;
			buildConfigurations = (
				FECC6D73180CCB05009D1223 /* Debug */,
				FECC6D74180CCB05009D1223 /* Release */,
			);
			defaultConfigurationIsVisible = 0;
			defaultConfigurationName = Release;
		};
		FECC6D75180CCB05009D1223 /* Build configuration list for PBXNativeTarget "Music Dependent" */ = {
			isa = XCConfigurationList;
			buildConfigurations = (
				FECC6D76180CCB05009D1223 /* Debug */,
				FECC6D77180CCB05009D1223 /* Release */,
			);
			defaultConfigurationIsVisible = 0;
			defaultConfigurationName = Release;
		};
/* End XCConfigurationList section */
	};
	rootObject = FECC6D4A180CCB05009D1223 /* Project object */;
}
