// !$*UTF8*$!
{
	archiveVersion = 1;
	classes = {
	};
	objectVersion = 46;
	objects = {

/* Begin PBXBuildFile section */
		938B338817E14F8900A4085E /* UIKit.framework in Frameworks */ = {isa = PBXBuildFile; fileRef = 938B338717E14F8900A4085E /* UIKit.framework */; };
		938B338A17E14F8900A4085E /* Foundation.framework in Frameworks */ = {isa = PBXBuildFile; fileRef = 938B338917E14F8900A4085E /* Foundation.framework */; };
		938B338C17E14F8900A4085E /* CoreGraphics.framework in Frameworks */ = {isa = PBXBuildFile; fileRef = 938B338B17E14F8900A4085E /* CoreGraphics.framework */; };
		938B339217E14F8900A4085E /* InfoPlist.strings in Resources */ = {isa = PBXBuildFile; fileRef = 938B339017E14F8900A4085E /* InfoPlist.strings */; };
		938B339417E14F8900A4085E /* main.m in Sources */ = {isa = PBXBuildFile; fileRef = 938B339317E14F8900A4085E /* main.m */; };
		938B339817E14F8900A4085E /* MADAppDelegate.m in Sources */ = {isa = PBXBuildFile; fileRef = 938B339717E14F8900A4085E /* MADAppDelegate.m */; };
		938B339A17E14F8900A4085E /* Default.png in Resources */ = {isa = PBXBuildFile; fileRef = 938B339917E14F8900A4085E /* Default.png */; };
		938B339C17E14F8900A4085E /* Default@2x.png in Resources */ = {isa = PBXBuildFile; fileRef = 938B339B17E14F8900A4085E /* Default@2x.png */; };
		938B339E17E14F8900A4085E /* Default-568h@2x.png in Resources */ = {isa = PBXBuildFile; fileRef = 938B339D17E14F8900A4085E /* Default-568h@2x.png */; };
		938B33A117E14F8900A4085E /* MADViewController.m in Sources */ = {isa = PBXBuildFile; fileRef = 938B33A017E14F8900A4085E /* MADViewController.m */; };
		938B33A417E14F8900A4085E /* MADViewController.xib in Resources */ = {isa = PBXBuildFile; fileRef = 938B33A217E14F8900A4085E /* MADViewController.xib */; };
		938B33AB17E14FD300A4085E /* world.png in Resources */ = {isa = PBXBuildFile; fileRef = 938B33AA17E14FD300A4085E /* world.png */; };
/* End PBXBuildFile section */

/* Begin PBXFileReference section */
		938B338417E14F8900A4085E /* FirstHelloWorld.app */ = {isa = PBXFileReference; explicitFileType = wrapper.application; includeInIndex = 0; path = FirstHelloWorld.app; sourceTree = BUILT_PRODUCTS_DIR; };
		938B338717E14F8900A4085E /* UIKit.framework */ = {isa = PBXFileReference; lastKnownFileType = wrapper.framework; name = UIKit.framework; path = System/Library/Frameworks/UIKit.framework; sourceTree = SDKROOT; };
		938B338917E14F8900A4085E /* Foundation.framework */ = {isa = PBXFileReference; lastKnownFileType = wrapper.framework; name = Foundation.framework; path = System/Library/Frameworks/Foundation.framework; sourceTree = SDKROOT; };
		938B338B17E14F8900A4085E /* CoreGraphics.framework */ = {isa = PBXFileReference; lastKnownFileType = wrapper.framework; name = CoreGraphics.framework; path = System/Library/Frameworks/CoreGraphics.framework; sourceTree = SDKROOT; };
		938B338F17E14F8900A4085E /* FirstHelloWorld-Info.plist */ = {isa = PBXFileReference; lastKnownFileType = text.plist.xml; path = "FirstHelloWorld-Info.plist"; sourceTree = "<group>"; };
		938B339117E14F8900A4085E /* en */ = {isa = PBXFileReference; lastKnownFileType = text.plist.strings; name = en; path = en.lproj/InfoPlist.strings; sourceTree = "<group>"; };
		938B339317E14F8900A4085E /* main.m */ = {isa = PBXFileReference; lastKnownFileType = sourcecode.c.objc; path = main.m; sourceTree = "<group>"; };
		938B339517E14F8900A4085E /* FirstHelloWorld-Prefix.pch */ = {isa = PBXFileReference; lastKnownFileType = sourcecode.c.h; path = "FirstHelloWorld-Prefix.pch"; sourceTree = "<group>"; };
		938B339617E14F8900A4085E /* MADAppDelegate.h */ = {isa = PBXFileReference; lastKnownFileType = sourcecode.c.h; path = MADAppDelegate.h; sourceTree = "<group>"; };
		938B339717E14F8900A4085E /* MADAppDelegate.m */ = {isa = PBXFileReference; lastKnownFileType = sourcecode.c.objc; path = MADAppDelegate.m; sourceTree = "<group>"; };
		938B339917E14F8900A4085E /* Default.png */ = {isa = PBXFileReference; lastKnownFileType = image.png; path = Default.png; sourceTree = "<group>"; };
		938B339B17E14F8900A4085E /* Default@2x.png */ = {isa = PBXFileReference; lastKnownFileType = image.png; path = "Default@2x.png"; sourceTree = "<group>"; };
		938B339D17E14F8900A4085E /* Default-568h@2x.png */ = {isa = PBXFileReference; lastKnownFileType = image.png; path = "Default-568h@2x.png"; sourceTree = "<group>"; };
		938B339F17E14F8900A4085E /* MADViewController.h */ = {isa = PBXFileReference; lastKnownFileType = sourcecode.c.h; path = MADViewController.h; sourceTree = "<group>"; };
		938B33A017E14F8900A4085E /* MADViewController.m */ = {isa = PBXFileReference; lastKnownFileType = sourcecode.c.objc; path = MADViewController.m; sourceTree = "<group>"; };
		938B33A317E14F8900A4085E /* en */ = {isa = PBXFileReference; lastKnownFileType = file.xib; name = en; path = en.lproj/MADViewController.xib; sourceTree = "<group>"; };
		938B33AA17E14FD300A4085E /* world.png */ = {isa = PBXFileReference; lastKnownFileType = image.png; path = world.png; sourceTree = "<group>"; };
/* End PBXFileReference section */

/* Begin PBXFrameworksBuildPhase section */
		938B338117E14F8900A4085E /* Frameworks */ = {
			isa = PBXFrameworksBuildPhase;
			buildActionMask = 2147483647;
			files = (
				938B338817E14F8900A4085E /* UIKit.framework in Frameworks */,
				938B338A17E14F8900A4085E /* Foundation.framework in Frameworks */,
				938B338C17E14F8900A4085E /* CoreGraphics.framework in Frameworks */,
			);
			runOnlyForDeploymentPostprocessing = 0;
		};
/* End PBXFrameworksBuildPhase section */

/* Begin PBXGroup section */
		938B337B17E14F8900A4085E = {
			isa = PBXGroup;
			children = (
				938B33AA17E14FD300A4085E /* world.png */,
				938B338D17E14F8900A4085E /* FirstHelloWorld */,
				938B338617E14F8900A4085E /* Frameworks */,
				938B338517E14F8900A4085E /* Products */,
			);
			sourceTree = "<group>";
		};
		938B338517E14F8900A4085E /* Products */ = {
			isa = PBXGroup;
			children = (
				938B338417E14F8900A4085E /* FirstHelloWorld.app */,
			);
			name = Products;
			sourceTree = "<group>";
		};
		938B338617E14F8900A4085E /* Frameworks */ = {
			isa = PBXGroup;
			children = (
				938B338717E14F8900A4085E /* UIKit.framework */,
				938B338917E14F8900A4085E /* Foundation.framework */,
				938B338B17E14F8900A4085E /* CoreGraphics.framework */,
			);
			name = Frameworks;
			sourceTree = "<group>";
		};
		938B338D17E14F8900A4085E /* FirstHelloWorld */ = {
			isa = PBXGroup;
			children = (
				938B339617E14F8900A4085E /* MADAppDelegate.h */,
				938B339717E14F8900A4085E /* MADAppDelegate.m */,
				938B339F17E14F8900A4085E /* MADViewController.h */,
				938B33A017E14F8900A4085E /* MADViewController.m */,
				938B33A217E14F8900A4085E /* MADViewController.xib */,
				938B338E17E14F8900A4085E /* Supporting Files */,
			);
			path = FirstHelloWorld;
			sourceTree = "<group>";
		};
		938B338E17E14F8900A4085E /* Supporting Files */ = {
			isa = PBXGroup;
			children = (
				938B338F17E14F8900A4085E /* FirstHelloWorld-Info.plist */,
				938B339017E14F8900A4085E /* InfoPlist.strings */,
				938B339317E14F8900A4085E /* main.m */,
				938B339517E14F8900A4085E /* FirstHelloWorld-Prefix.pch */,
				938B339917E14F8900A4085E /* Default.png */,
				938B339B17E14F8900A4085E /* Default@2x.png */,
				938B339D17E14F8900A4085E /* Default-568h@2x.png */,
			);
			name = "Supporting Files";
			sourceTree = "<group>";
		};
/* End PBXGroup section */

/* Begin PBXNativeTarget section */
		938B338317E14F8900A4085E /* FirstHelloWorld */ = {
			isa = PBXNativeTarget;
			buildConfigurationList = 938B33A717E14F8900A4085E /* Build configuration list for PBXNativeTarget "FirstHelloWorld" */;
			buildPhases = (
				938B338017E14F8900A4085E /* Sources */,
				938B338117E14F8900A4085E /* Frameworks */,
				938B338217E14F8900A4085E /* Resources */,
			);
			buildRules = (
			);
			dependencies = (
			);
			name = FirstHelloWorld;
			productName = FirstHelloWorld;
			productReference = 938B338417E14F8900A4085E /* FirstHelloWorld.app */;
			productType = "com.apple.product-type.application";
		};
/* End PBXNativeTarget section */

/* Begin PBXProject section */
		938B337C17E14F8900A4085E /* Project object */ = {
			isa = PBXProject;
			attributes = {
				CLASSPREFIX = MAD;
				LastUpgradeCheck = 0460;
				ORGANIZATIONNAME = "Luis Alfredo Hierro";
			};
			buildConfigurationList = 938B337F17E14F8900A4085E /* Build configuration list for PBXProject "FirstHelloWorld" */;
			compatibilityVersion = "Xcode 3.2";
			developmentRegion = English;
			hasScannedForEncodings = 0;
			knownRegions = (
				en,
			);
			mainGroup = 938B337B17E14F8900A4085E;
			productRefGroup = 938B338517E14F8900A4085E /* Products */;
			projectDirPath = "";
			projectRoot = "";
			targets = (
				938B338317E14F8900A4085E /* FirstHelloWorld */,
			);
		};
/* End PBXProject section */

/* Begin PBXResourcesBuildPhase section */
		938B338217E14F8900A4085E /* Resources */ = {
			isa = PBXResourcesBuildPhase;
			buildActionMask = 2147483647;
			files = (
				938B339217E14F8900A4085E /* InfoPlist.strings in Resources */,
				938B339A17E14F8900A4085E /* Default.png in Resources */,
				938B339C17E14F8900A4085E /* Default@2x.png in Resources */,
				938B339E17E14F8900A4085E /* Default-568h@2x.png in Resources */,
				938B33A417E14F8900A4085E /* MADViewController.xib in Resources */,
				938B33AB17E14FD300A4085E /* world.png in Resources */,
			);
			runOnlyForDeploymentPostprocessing = 0;
		};
/* End PBXResourcesBuildPhase section */

/* Begin PBXSourcesBuildPhase section */
		938B338017E14F8900A4085E /* Sources */ = {
			isa = PBXSourcesBuildPhase;
			buildActionMask = 2147483647;
			files = (
				938B339417E14F8900A4085E /* main.m in Sources */,
				938B339817E14F8900A4085E /* MADAppDelegate.m in Sources */,
				938B33A117E14F8900A4085E /* MADViewController.m in Sources */,
			);
			runOnlyForDeploymentPostprocessing = 0;
		};
/* End PBXSourcesBuildPhase section */

/* Begin PBXVariantGroup section */
		938B339017E14F8900A4085E /* InfoPlist.strings */ = {
			isa = PBXVariantGroup;
			children = (
				938B339117E14F8900A4085E /* en */,
			);
			name = InfoPlist.strings;
			sourceTree = "<group>";
		};
		938B33A217E14F8900A4085E /* MADViewController.xib */ = {
			isa = PBXVariantGroup;
			children = (
				938B33A317E14F8900A4085E /* en */,
			);
			name = MADViewController.xib;
			sourceTree = "<group>";
		};
/* End PBXVariantGroup section */

/* Begin XCBuildConfiguration section */
		938B33A517E14F8900A4085E /* Debug */ = {
			isa = XCBuildConfiguration;
			buildSettings = {
				ALWAYS_SEARCH_USER_PATHS = NO;
				CLANG_CXX_LANGUAGE_STANDARD = "gnu++0x";
				CLANG_CXX_LIBRARY = "libc++";
				CLANG_ENABLE_OBJC_ARC = YES;
				CLANG_WARN_CONSTANT_CONVERSION = YES;
				CLANG_WARN_EMPTY_BODY = YES;
				CLANG_WARN_ENUM_CONVERSION = YES;
				CLANG_WARN_INT_CONVERSION = YES;
				CLANG_WARN__DUPLICATE_METHOD_MATCH = YES;
				"CODE_SIGN_IDENTITY[sdk=iphoneos*]" = "iPhone Developer";
				COPY_PHASE_STRIP = NO;
				GCC_C_LANGUAGE_STANDARD = gnu99;
				GCC_DYNAMIC_NO_PIC = NO;
				GCC_OPTIMIZATION_LEVEL = 0;
				GCC_PREPROCESSOR_DEFINITIONS = (
					"DEBUG=1",
					"$(inherited)",
				);
				GCC_SYMBOLS_PRIVATE_EXTERN = NO;
				GCC_WARN_ABOUT_RETURN_TYPE = YES;
				GCC_WARN_UNINITIALIZED_AUTOS = YES;
				GCC_WARN_UNUSED_VARIABLE = YES;
				IPHONEOS_DEPLOYMENT_TARGET = 6.1;
				ONLY_ACTIVE_ARCH = YES;
				SDKROOT = iphoneos;
			};
			name = Debug;
		};
		938B33A617E14F8900A4085E /* Release */ = {
			isa = XCBuildConfiguration;
			buildSettings = {
				ALWAYS_SEARCH_USER_PATHS = NO;
				CLANG_CXX_LANGUAGE_STANDARD = "gnu++0x";
				CLANG_CXX_LIBRARY = "libc++";
				CLANG_ENABLE_OBJC_ARC = YES;
				CLANG_WARN_CONSTANT_CONVERSION = YES;
				CLANG_WARN_EMPTY_BODY = YES;
				CLANG_WARN_ENUM_CONVERSION = YES;
				CLANG_WARN_INT_CONVERSION = YES;
				CLANG_WARN__DUPLICATE_METHOD_MATCH = YES;
				"CODE_SIGN_IDENTITY[sdk=iphoneos*]" = "iPhone Developer";
				COPY_PHASE_STRIP = YES;
				GCC_C_LANGUAGE_STANDARD = gnu99;
				GCC_WARN_ABOUT_RETURN_TYPE = YES;
				GCC_WARN_UNINITIALIZED_AUTOS = YES;
				GCC_WARN_UNUSED_VARIABLE = YES;
				IPHONEOS_DEPLOYMENT_TARGET = 6.1;
				OTHER_CFLAGS = "-DNS_BLOCK_ASSERTIONS=1";
				SDKROOT = iphoneos;
				VALIDATE_PRODUCT = YES;
			};
			name = Release;
		};
		938B33A817E14F8900A4085E /* Debug */ = {
			isa = XCBuildConfiguration;
			buildSettings = {
				GCC_PRECOMPILE_PREFIX_HEADER = YES;
				GCC_PREFIX_HEADER = "FirstHelloWorld/FirstHelloWorld-Prefix.pch";
				INFOPLIST_FILE = "FirstHelloWorld/FirstHelloWorld-Info.plist";
				PRODUCT_NAME = "$(TARGET_NAME)";
				WRAPPER_EXTENSION = app;
			};
			name = Debug;
		};
		938B33A917E14F8900A4085E /* Release */ = {
			isa = XCBuildConfiguration;
			buildSettings = {
				GCC_PRECOMPILE_PREFIX_HEADER = YES;
				GCC_PREFIX_HEADER = "FirstHelloWorld/FirstHelloWorld-Prefix.pch";
				INFOPLIST_FILE = "FirstHelloWorld/FirstHelloWorld-Info.plist";
				PRODUCT_NAME = "$(TARGET_NAME)";
				WRAPPER_EXTENSION = app;
			};
			name = Release;
		};
/* End XCBuildConfiguration section */

/* Begin XCConfigurationList section */
		938B337F17E14F8900A4085E /* Build configuration list for PBXProject "FirstHelloWorld" */ = {
			isa = XCConfigurationList;
			buildConfigurations = (
				938B33A517E14F8900A4085E /* Debug */,
				938B33A617E14F8900A4085E /* Release */,
			);
			defaultConfigurationIsVisible = 0;
			defaultConfigurationName = Release;
		};
		938B33A717E14F8900A4085E /* Build configuration list for PBXNativeTarget "FirstHelloWorld" */ = {
			isa = XCConfigurationList;
			buildConfigurations = (
				938B33A817E14F8900A4085E /* Debug */,
				938B33A917E14F8900A4085E /* Release */,
			);
			defaultConfigurationIsVisible = 0;
		};
/* End XCConfigurationList section */
	};
	rootObject = 938B337C17E14F8900A4085E /* Project object */;
}
